
Microsoft Visual Studio Solution File, Format Version 12.00
# Visual Studio 15
VisualStudioVersion = 15.0.27703.2018
MinimumVisualStudioVersion = 10.0.40219.1
Project("{FAE04EC0-301F-11D3-BF4B-00C04F79EFBC}") = "CourseManager", "CourseManager\CourseManager.csproj", "{A74183DD-5DF5-416D-B784-D8E9BF6BA7D4}"
EndProject
Global
	GlobalSection(SolutionConfigurationPlatforms) = preSolution
		Debug|Any CPU = Debug|Any CPU
		Release|Any CPU = Release|Any CPU
	EndGlobalSection
	GlobalSection(ProjectConfigurationPlatforms) = postSolution
		{A74183DD-5DF5-416D-B784-D8E9BF6BA7D4}.Debug|Any CPU.ActiveCfg = Debug|Any CPU
		{A74183DD-5DF5-416D-B784-D8E9BF6BA7D4}.Debug|Any CPU.Build.0 = Debug|Any CPU
		{A74183DD-5DF5-416D-B784-D8E9BF6BA7D4}.Release|Any CPU.ActiveCfg = Release|Any CPU
		{A74183DD-5DF5-416D-B784-D8E9BF6BA7D4}.Release|Any CPU.Build.0 = Release|Any CPU
	EndGlobalSection
	GlobalSection(SolutionProperties) = preSolution
		HideSolutionNode = FALSE
	EndGlobalSection
	GlobalSection(ExtensibilityGlobals) = postSolution
		SolutionGuid = {D260B3A2-B7C0-4E15-B37E-FCA9121E6442}
	EndGlobalSection
EndGlobal
